// !$*UTF8*$!
{
	archiveVersion = 1;
	classes = {
	};
	objectVersion = 46;
	objects = {

/* Begin PBXBuildFile section */
		3F09C3491AFCF5C700F55F08 /* welcomeView.swift in Sources */ = {isa = PBXBuildFile; fileRef = 3F09C3481AFCF5C700F55F08 /* welcomeView.swift */; };
		EF35B25C1AF8F93200E22805 /* AppDelegate.swift in Sources */ = {isa = PBXBuildFile; fileRef = EF35B25B1AF8F93200E22805 /* AppDelegate.swift */; };
		EF35B25E1AF8F93200E22805 /* ViewController.swift in Sources */ = {isa = PBXBuildFile; fileRef = EF35B25D1AF8F93200E22805 /* ViewController.swift */; };
		EF35B2611AF8F93200E22805 /* Main.storyboard in Resources */ = {isa = PBXBuildFile; fileRef = EF35B25F1AF8F93200E22805 /* Main.storyboard */; };
		EF35B2631AF8F93200E22805 /* Images.xcassets in Resources */ = {isa = PBXBuildFile; fileRef = EF35B2621AF8F93200E22805 /* Images.xcassets */; };
		EF35B2661AF8F93200E22805 /* LaunchScreen.xib in Resources */ = {isa = PBXBuildFile; fileRef = EF35B2641AF8F93200E22805 /* LaunchScreen.xib */; };
		EF35B2721AF8F93200E22805 /* CCHSTests.swift in Sources */ = {isa = PBXBuildFile; fileRef = EF35B2711AF8F93200E22805 /* CCHSTests.swift */; };
		EF35B27C1AF8F94600E22805 /* Twitter.framework in Frameworks */ = {isa = PBXBuildFile; fileRef = EF35B27B1AF8F94600E22805 /* Twitter.framework */; };
		EF35B2811AF8F9BE00E22805 /* Fabric.framework in Frameworks */ = {isa = PBXBuildFile; fileRef = EF35B27E1AF8F9BE00E22805 /* Fabric.framework */; };
		EF35B2821AF8F9BE00E22805 /* TwitterKit.framework in Frameworks */ = {isa = PBXBuildFile; fileRef = EF35B27F1AF8F9BE00E22805 /* TwitterKit.framework */; };
		EF35B2831AF8F9BE00E22805 /* TwitterKitResources.bundle in Resources */ = {isa = PBXBuildFile; fileRef = EF35B2801AF8F9BE00E22805 /* TwitterKitResources.bundle */; };
/* End PBXBuildFile section */

/* Begin PBXContainerItemProxy section */
		EF35B26C1AF8F93200E22805 /* PBXContainerItemProxy */ = {
			isa = PBXContainerItemProxy;
			containerPortal = EF35B24E1AF8F93200E22805 /* Project object */;
			proxyType = 1;
			remoteGlobalIDString = EF35B2551AF8F93200E22805;
			remoteInfo = CCHS;
		};
/* End PBXContainerItemProxy section */

/* Begin PBXFileReference section */
		3F09C3481AFCF5C700F55F08 /* welcomeView.swift */ = {isa = PBXFileReference; fileEncoding = 4; lastKnownFileType = sourcecode.swift; name = welcomeView.swift; path = ../welcomeView.swift; sourceTree = "<group>"; };
		EF35B2561AF8F93200E22805 /* CCHS.app */ = {isa = PBXFileReference; explicitFileType = wrapper.application; includeInIndex = 0; path = CCHS.app; sourceTree = BUILT_PRODUCTS_DIR; };
		EF35B25A1AF8F93200E22805 /* Info.plist */ = {isa = PBXFileReference; lastKnownFileType = text.plist.xml; path = Info.plist; sourceTree = "<group>"; };
		EF35B25B1AF8F93200E22805 /* AppDelegate.swift */ = {isa = PBXFileReference; lastKnownFileType = sourcecode.swift; path = AppDelegate.swift; sourceTree = "<group>"; };
		EF35B25D1AF8F93200E22805 /* ViewController.swift */ = {isa = PBXFileReference; lastKnownFileType = sourcecode.swift; path = ViewController.swift; sourceTree = "<group>"; };
		EF35B2601AF8F93200E22805 /* Base */ = {isa = PBXFileReference; lastKnownFileType = file.storyboard; name = Base; path = Base.lproj/Main.storyboard; sourceTree = "<group>"; };
		EF35B2621AF8F93200E22805 /* Images.xcassets */ = {isa = PBXFileReference; lastKnownFileType = folder.assetcatalog; path = Images.xcassets; sourceTree = "<group>"; };
		EF35B2651AF8F93200E22805 /* Base */ = {isa = PBXFileReference; lastKnownFileType = file.xib; name = Base; path = Base.lproj/LaunchScreen.xib; sourceTree = "<group>"; };
		EF35B26B1AF8F93200E22805 /* CCHSTests.xctest */ = {isa = PBXFileReference; explicitFileType = wrapper.cfbundle; includeInIndex = 0; path = CCHSTests.xctest; sourceTree = BUILT_PRODUCTS_DIR; };
		EF35B2701AF8F93200E22805 /* Info.plist */ = {isa = PBXFileReference; lastKnownFileType = text.plist.xml; path = Info.plist; sourceTree = "<group>"; };
		EF35B2711AF8F93200E22805 /* CCHSTests.swift */ = {isa = PBXFileReference; lastKnownFileType = sourcecode.swift; path = CCHSTests.swift; sourceTree = "<group>"; };
		EF35B27B1AF8F94600E22805 /* Twitter.framework */ = {isa = PBXFileReference; lastKnownFileType = wrapper.framework; name = Twitter.framework; path = System/Library/Frameworks/Twitter.framework; sourceTree = SDKROOT; };
		EF35B27E1AF8F9BE00E22805 /* Fabric.framework */ = {isa = PBXFileReference; lastKnownFileType = wrapper.framework; path = Fabric.framework; sourceTree = "<group>"; };
		EF35B27F1AF8F9BE00E22805 /* TwitterKit.framework */ = {isa = PBXFileReference; lastKnownFileType = wrapper.framework; path = TwitterKit.framework; sourceTree = "<group>"; };
		EF35B2801AF8F9BE00E22805 /* TwitterKitResources.bundle */ = {isa = PBXFileReference; lastKnownFileType = "wrapper.plug-in"; name = TwitterKitResources.bundle; path = TwitterKit.framework/Versions/A/Resources/TwitterKitResources.bundle; sourceTree = "<group>"; };
/* End PBXFileReference section */

/* Begin PBXFrameworksBuildPhase section */
		EF35B2531AF8F93200E22805 /* Frameworks */ = {
			isa = PBXFrameworksBuildPhase;
			buildActionMask = 2147483647;
			files = (
				EF35B27C1AF8F94600E22805 /* Twitter.framework in Frameworks */,
				EF35B2811AF8F9BE00E22805 /* Fabric.framework in Frameworks */,
				EF35B2821AF8F9BE00E22805 /* TwitterKit.framework in Frameworks */,
			);
			runOnlyForDeploymentPostprocessing = 0;
		};
		EF35B2681AF8F93200E22805 /* Frameworks */ = {
			isa = PBXFrameworksBuildPhase;
			buildActionMask = 2147483647;
			files = (
			);
			runOnlyForDeploymentPostprocessing = 0;
		};
/* End PBXFrameworksBuildPhase section */

/* Begin PBXGroup section */
		EF35B24D1AF8F93200E22805 = {
			isa = PBXGroup;
			children = (
				EF35B27E1AF8F9BE00E22805 /* Fabric.framework */,
				EF35B27F1AF8F9BE00E22805 /* TwitterKit.framework */,
				EF35B2801AF8F9BE00E22805 /* TwitterKitResources.bundle */,
				EF35B27B1AF8F94600E22805 /* Twitter.framework */,
				EF35B2581AF8F93200E22805 /* CCHS */,
				EF35B26E1AF8F93200E22805 /* CCHSTests */,
				EF35B2571AF8F93200E22805 /* Products */,
			);
			sourceTree = "<group>";
		};
		EF35B2571AF8F93200E22805 /* Products */ = {
			isa = PBXGroup;
			children = (
				EF35B2561AF8F93200E22805 /* CCHS.app */,
				EF35B26B1AF8F93200E22805 /* CCHSTests.xctest */,
			);
			name = Products;
			sourceTree = "<group>";
		};
		EF35B2581AF8F93200E22805 /* CCHS */ = {
			isa = PBXGroup;
			children = (
				3F09C3481AFCF5C700F55F08 /* welcomeView.swift */,
				EF35B25B1AF8F93200E22805 /* AppDelegate.swift */,
				EF35B25D1AF8F93200E22805 /* ViewController.swift */,
				EF35B25F1AF8F93200E22805 /* Main.storyboard */,
				EF35B2621AF8F93200E22805 /* Images.xcassets */,
				EF35B2641AF8F93200E22805 /* LaunchScreen.xib */,
				EF35B2591AF8F93200E22805 /* Supporting Files */,
			);
			path = CCHS;
			sourceTree = "<group>";
		};
		EF35B2591AF8F93200E22805 /* Supporting Files */ = {
			isa = PBXGroup;
			children = (
				EF35B25A1AF8F93200E22805 /* Info.plist */,
			);
			name = "Supporting Files";
			sourceTree = "<group>";
		};
		EF35B26E1AF8F93200E22805 /* CCHSTests */ = {
			isa = PBXGroup;
			children = (
				EF35B2711AF8F93200E22805 /* CCHSTests.swift */,
				EF35B26F1AF8F93200E22805 /* Supporting Files */,
			);
			path = CCHSTests;
			sourceTree = "<group>";
		};
		EF35B26F1AF8F93200E22805 /* Supporting Files */ = {
			isa = PBXGroup;
			children = (
				EF35B2701AF8F93200E22805 /* Info.plist */,
			);
			name = "Supporting Files";
			sourceTree = "<group>";
		};
/* End PBXGroup section */

/* Begin PBXNativeTarget section */
		EF35B2551AF8F93200E22805 /* CCHS */ = {
			isa = PBXNativeTarget;
			buildConfigurationList = EF35B2751AF8F93200E22805 /* Build configuration list for PBXNativeTarget "CCHS" */;
			buildPhases = (
				EF35B2521AF8F93200E22805 /* Sources */,
				EF35B2531AF8F93200E22805 /* Frameworks */,
				EF35B2541AF8F93200E22805 /* Resources */,
				EF35B27D1AF8F99600E22805 /* ShellScript */,
			);
			buildRules = (
			);
			dependencies = (
			);
			name = CCHS;
			productName = CCHS;
			productReference = EF35B2561AF8F93200E22805 /* CCHS.app */;
			productType = "com.apple.product-type.application";
		};
		EF35B26A1AF8F93200E22805 /* CCHSTests */ = {
			isa = PBXNativeTarget;
			buildConfigurationList = EF35B2781AF8F93200E22805 /* Build configuration list for PBXNativeTarget "CCHSTests" */;
			buildPhases = (
				EF35B2671AF8F93200E22805 /* Sources */,
				EF35B2681AF8F93200E22805 /* Frameworks */,
				EF35B2691AF8F93200E22805 /* Resources */,
			);
			buildRules = (
			);
			dependencies = (
				EF35B26D1AF8F93200E22805 /* PBXTargetDependency */,
			);
			name = CCHSTests;
			productName = CCHSTests;
			productReference = EF35B26B1AF8F93200E22805 /* CCHSTests.xctest */;
			productType = "com.apple.product-type.bundle.unit-test";
		};
/* End PBXNativeTarget section */

/* Begin PBXProject section */
		EF35B24E1AF8F93200E22805 /* Project object */ = {
			isa = PBXProject;
			attributes = {
				LastUpgradeCheck = 0630;
				ORGANIZATIONNAME = Contripity;
				TargetAttributes = {
					EF35B2551AF8F93200E22805 = {
						CreatedOnToolsVersion = 6.3.1;
					};
					EF35B26A1AF8F93200E22805 = {
						CreatedOnToolsVersion = 6.3.1;
						TestTargetID = EF35B2551AF8F93200E22805;
					};
				};
			};
			buildConfigurationList = EF35B2511AF8F93200E22805 /* Build configuration list for PBXProject "CCHS" */;
			compatibilityVersion = "Xcode 3.2";
			developmentRegion = English;
			hasScannedForEncodings = 0;
			knownRegions = (
				en,
				Base,
			);
			mainGroup = EF35B24D1AF8F93200E22805;
			productRefGroup = EF35B2571AF8F93200E22805 /* Products */;
			projectDirPath = "";
			projectRoot = "";
			targets = (
				EF35B2551AF8F93200E22805 /* CCHS */,
				EF35B26A1AF8F93200E22805 /* CCHSTests */,
			);
		};
/* End PBXProject section */

/* Begin PBXResourcesBuildPhase section */
		EF35B2541AF8F93200E22805 /* Resources */ = {
			isa = PBXResourcesBuildPhase;
			buildActionMask = 2147483647;
			files = (
				EF35B2831AF8F9BE00E22805 /* TwitterKitResources.bundle in Resources */,
				EF35B2611AF8F93200E22805 /* Main.storyboard in Resources */,
				EF35B2661AF8F93200E22805 /* LaunchScreen.xib in Resources */,
				EF35B2631AF8F93200E22805 /* Images.xcassets in Resources */,
			);
			runOnlyForDeploymentPostprocessing = 0;
		};
		EF35B2691AF8F93200E22805 /* Resources */ = {
			isa = PBXResourcesBuildPhase;
			buildActionMask = 2147483647;
			files = (
			);
			runOnlyForDeploymentPostprocessing = 0;
		};
/* End PBXResourcesBuildPhase section */

/* Begin PBXShellScriptBuildPhase section */
		EF35B27D1AF8F99600E22805 /* ShellScript */ = {
			isa = PBXShellScriptBuildPhase;
			buildActionMask = 2147483647;
			files = (
			);
			inputPaths = (
			);
			outputPaths = (
			);
			runOnlyForDeploymentPostprocessing = 0;
			shellPath = /bin/sh;
			shellScript = "./Fabric.framework/run 1c9e037b67c8fa167421143d24f0b1fb3ec69a60 6265cbbe38d7c5f0d2a404c877aeada170d299096524e7ad3f430b81adab80d9";
		};
/* End PBXShellScriptBuildPhase section */

/* Begin PBXSourcesBuildPhase section */
		EF35B2521AF8F93200E22805 /* Sources */ = {
			isa = PBXSourcesBuildPhase;
			buildActionMask = 2147483647;
			files = (
				EF35B25E1AF8F93200E22805 /* ViewController.swift in Sources */,
				EF35B25C1AF8F93200E22805 /* AppDelegate.swift in Sources */,
				3F09C3491AFCF5C700F55F08 /* welcomeView.swift in Sources */,
			);
			runOnlyForDeploymentPostprocessing = 0;
		};
		EF35B2671AF8F93200E22805 /* Sources */ = {
			isa = PBXSourcesBuildPhase;
			buildActionMask = 2147483647;
			files = (
				EF35B2721AF8F93200E22805 /* CCHSTests.swift in Sources */,
			);
			runOnlyForDeploymentPostprocessing = 0;
		};
/* End PBXSourcesBuildPhase section */

/* Begin PBXTargetDependency section */
		EF35B26D1AF8F93200E22805 /* PBXTargetDependency */ = {
			isa = PBXTargetDependency;
			target = EF35B2551AF8F93200E22805 /* CCHS */;
			targetProxy = EF35B26C1AF8F93200E22805 /* PBXContainerItemProxy */;
		};
/* End PBXTargetDependency section */

/* Begin PBXVariantGroup section */
		EF35B25F1AF8F93200E22805 /* Main.storyboard */ = {
			isa = PBXVariantGroup;
			children = (
				EF35B2601AF8F93200E22805 /* Base */,
			);
			name = Main.storyboard;
			sourceTree = "<group>";
		};
		EF35B2641AF8F93200E22805 /* LaunchScreen.xib */ = {
			isa = PBXVariantGroup;
			children = (
				EF35B2651AF8F93200E22805 /* Base */,
			);
			name = LaunchScreen.xib;
			sourceTree = "<group>";
		};
/* End PBXVariantGroup section */

/* Begin XCBuildConfiguration section */
		EF35B2731AF8F93200E22805 /* Debug */ = {
			isa = XCBuildConfiguration;
			buildSettings = {
				ALWAYS_SEARCH_USER_PATHS = NO;
				CLANG_CXX_LANGUAGE_STANDARD = "gnu++0x";
				CLANG_CXX_LIBRARY = "libc++";
				CLANG_ENABLE_MODULES = YES;
				CLANG_ENABLE_OBJC_ARC = YES;
				CLANG_WARN_BOOL_CONVERSION = YES;
				CLANG_WARN_CONSTANT_CONVERSION = YES;
				CLANG_WARN_DIRECT_OBJC_ISA_USAGE = YES_ERROR;
				CLANG_WARN_EMPTY_BODY = YES;
				CLANG_WARN_ENUM_CONVERSION = YES;
				CLANG_WARN_INT_CONVERSION = YES;
				CLANG_WARN_OBJC_ROOT_CLASS = YES_ERROR;
				CLANG_WARN_UNREACHABLE_CODE = YES;
				CLANG_WARN__DUPLICATE_METHOD_MATCH = YES;
				"CODE_SIGN_IDENTITY[sdk=iphoneos*]" = "iPhone Developer";
				COPY_PHASE_STRIP = NO;
				DEBUG_INFORMATION_FORMAT = "dwarf-with-dsym";
				ENABLE_STRICT_OBJC_MSGSEND = YES;
				GCC_C_LANGUAGE_STANDARD = gnu99;
				GCC_DYNAMIC_NO_PIC = NO;
				GCC_NO_COMMON_BLOCKS = YES;
				GCC_OPTIMIZATION_LEVEL = 0;
				GCC_PREPROCESSOR_DEFINITIONS = (
					"DEBUG=1",
					"$(inherited)",
				);
				GCC_SYMBOLS_PRIVATE_EXTERN = NO;
				GCC_WARN_64_TO_32_BIT_CONVERSION = YES;
				GCC_WARN_ABOUT_RETURN_TYPE = YES_ERROR;
				GCC_WARN_UNDECLARED_SELECTOR = YES;
				GCC_WARN_UNINITIALIZED_AUTOS = YES_AGGRESSIVE;
				GCC_WARN_UNUSED_FUNCTION = YES;
				GCC_WARN_UNUSED_VARIABLE = YES;
				IPHONEOS_DEPLOYMENT_TARGET = 8.3;
				MTL_ENABLE_DEBUG_INFO = YES;
				ONLY_ACTIVE_ARCH = YES;
				SDKROOT = iphoneos;
				SWIFT_OPTIMIZATION_LEVEL = "-Onone";
				TARGETED_DEVICE_FAMILY = "1,2";
			};
			name = Debug;
		};
		EF35B2741AF8F93200E22805 /* Release */ = {
			isa = XCBuildConfiguration;
			buildSettings = {
				ALWAYS_SEARCH_USER_PATHS = NO;
				CLANG_CXX_LANGUAGE_STANDARD = "gnu++0x";
				CLANG_CXX_LIBRARY = "libc++";
				CLANG_ENABLE_MODULES = YES;
				CLANG_ENABLE_OBJC_ARC = YES;
				CLANG_WARN_BOOL_CONVERSION = YES;
				CLANG_WARN_CONSTANT_CONVERSION = YES;
				CLANG_WARN_DIRECT_OBJC_ISA_USAGE = YES_ERROR;
				CLANG_WARN_EMPTY_BODY = YES;
				CLANG_WARN_ENUM_CONVERSION = YES;
				CLANG_WARN_INT_CONVERSION = YES;
				CLANG_WARN_OBJC_ROOT_CLASS = YES_ERROR;
				CLANG_WARN_UNREACHABLE_CODE = YES;
				CLANG_WARN__DUPLICATE_METHOD_MATCH = YES;
				"CODE_SIGN_IDENTITY[sdk=iphoneos*]" = "iPhone Developer";
				COPY_PHASE_STRIP = NO;
				DEBUG_INFORMATION_FORMAT = "dwarf-with-dsym";
				ENABLE_NS_ASSERTIONS = NO;
				ENABLE_STRICT_OBJC_MSGSEND = YES;
				GCC_C_LANGUAGE_STANDARD = gnu99;
				GCC_NO_COMMON_BLOCKS = YES;
				GCC_WARN_64_TO_32_BIT_CONVERSION = YES;
				GCC_WARN_ABOUT_RETURN_TYPE = YES_ERROR;
				GCC_WARN_UNDECLARED_SELECTOR = YES;
				GCC_WARN_UNINITIALIZED_AUTOS = YES_AGGRESSIVE;
				GCC_WARN_UNUSED_FUNCTION = YES;
				GCC_WARN_UNUSED_VARIABLE = YES;
				IPHONEOS_DEPLOYMENT_TARGET = 8.3;
				MTL_ENABLE_DEBUG_INFO = NO;
				SDKROOT = iphoneos;
				TARGETED_DEVICE_FAMILY = "1,2";
				VALIDATE_PRODUCT = YES;
			};
			name = Release;
		};
		EF35B2761AF8F93200E22805 /* Debug */ = {
			isa = XCBuildConfiguration;
			buildSettings = {
				ASSETCATALOG_COMPILER_APPICON_NAME = AppIcon;
				FRAMEWORK_SEARCH_PATHS = (
					"$(inherited)",
					"$(PROJECT_DIR)",
				);
				INFOPLIST_FILE = CCHS/Info.plist;
				LD_RUNPATH_SEARCH_PATHS = "$(inherited) @executable_path/Frameworks";
				PRODUCT_NAME = "$(TARGET_NAME)";
			};
			name = Debug;
		};
		EF35B2771AF8F93200E22805 /* Release */ = {
			isa = XCBuildConfiguration;
			buildSettings = {
				ASSETCATALOG_COMPILER_APPICON_NAME = AppIcon;
				FRAMEWORK_SEARCH_PATHS = (
					"$(inherited)",
					"$(PROJECT_DIR)",
				);
				INFOPLIST_FILE = CCHS/Info.plist;
				LD_RUNPATH_SEARCH_PATHS = "$(inherited) @executable_path/Frameworks";
				PRODUCT_NAME = "$(TARGET_NAME)";
			};
			name = Release;
		};
		EF35B2791AF8F93200E22805 /* Debug */ = {
			isa = XCBuildConfiguration;
			buildSettings = {
				BUNDLE_LOADER = "$(TEST_HOST)";
				FRAMEWORK_SEARCH_PATHS = (
					"$(SDKROOT)/Developer/Library/Frameworks",
					"$(inherited)",
				);
				GCC_PREPROCESSOR_DEFINITIONS = (
					"DEBUG=1",
					"$(inherited)",
				);
				INFOPLIST_FILE = CCHSTests/Info.plist;
				LD_RUNPATH_SEARCH_PATHS = "$(inherited) @executable_path/Frameworks @loader_path/Frameworks";
				PRODUCT_NAME = "$(TARGET_NAME)";
				TEST_HOST = "$(BUILT_PRODUCTS_DIR)/CCHS.app/CCHS";
			};
			name = Debug;
		};
		EF35B27A1AF8F93200E22805 /* Release */ = {
			isa = XCBuildConfiguration;
			buildSettings = {
				BUNDLE_LOADER = "$(TEST_HOST)";
				FRAMEWORK_SEARCH_PATHS = (
					"$(SDKROOT)/Developer/Library/Frameworks",
					"$(inherited)",
				);
				INFOPLIST_FILE = CCHSTests/Info.plist;
				LD_RUNPATH_SEARCH_PATHS = "$(inherited) @executable_path/Frameworks @loader_path/Frameworks";
				PRODUCT_NAME = "$(TARGET_NAME)";
				TEST_HOST = "$(BUILT_PRODUCTS_DIR)/CCHS.app/CCHS";
			};
			name = Release;
		};
/* End XCBuildConfiguration section */

/* Begin XCConfigurationList section */
		EF35B2511AF8F93200E22805 /* Build configuration list for PBXProject "CCHS" */ = {
			isa = XCConfigurationList;
			buildConfigurations = (
				EF35B2731AF8F93200E22805 /* Debug */,
				EF35B2741AF8F93200E22805 /* Release */,
			);
			defaultConfigurationIsVisible = 0;
			defaultConfigurationName = Release;
		};
		EF35B2751AF8F93200E22805 /* Build configuration list for PBXNativeTarget "CCHS" */ = {
			isa = XCConfigurationList;
			buildConfigurations = (
				EF35B2761AF8F93200E22805 /* Debug */,
				EF35B2771AF8F93200E22805 /* Release */,
			);
			defaultConfigurationIsVisible = 0;
			defaultConfigurationName = Release;
		};
		EF35B2781AF8F93200E22805 /* Build configuration list for PBXNativeTarget "CCHSTests" */ = {
			isa = XCConfigurationList;
			buildConfigurations = (
				EF35B2791AF8F93200E22805 /* Debug */,
				EF35B27A1AF8F93200E22805 /* Release */,
			);
			defaultConfigurationIsVisible = 0;
			defaultConfigurationName = Release;
		};
/* End XCConfigurationList section */
	};
	rootObject = EF35B24E1AF8F93200E22805 /* Project object */;
}
